// !$*UTF8*$!
{
	archiveVersion = 1;
	classes = {
	};
	objectVersion = 46;
	objects = {

/* Begin PBXBuildFile section */
		690DE2B91ED4DDB2000D8EAF /* AppDelegate.swift in Sources */ = {isa = PBXBuildFile; fileRef = 690DE2B81ED4DDB2000D8EAF /* AppDelegate.swift */; };
		690DE2BB1ED4DDB2000D8EAF /* ViewController.swift in Sources */ = {isa = PBXBuildFile; fileRef = 690DE2BA1ED4DDB2000D8EAF /* ViewController.swift */; };
		690DE2BE1ED4DDB2000D8EAF /* Main.storyboard in Resources */ = {isa = PBXBuildFile; fileRef = 690DE2BC1ED4DDB2000D8EAF /* Main.storyboard */; };
		690DE2C01ED4DDB2000D8EAF /* Assets.xcassets in Resources */ = {isa = PBXBuildFile; fileRef = 690DE2BF1ED4DDB2000D8EAF /* Assets.xcassets */; };
		690DE2C31ED4DDB2000D8EAF /* LaunchScreen.storyboard in Resources */ = {isa = PBXBuildFile; fileRef = 690DE2C11ED4DDB2000D8EAF /* LaunchScreen.storyboard */; };
		693A6D041ED62A9900FB5CE1 /* CSV.swift in Sources */ = {isa = PBXBuildFile; fileRef = 693A6D031ED62A9900FB5CE1 /* CSV.swift */; };
		69D5E2081ED4F0830049C900 /* pokemon.csv in Resources */ = {isa = PBXBuildFile; fileRef = 69D5E2071ED4F0830049C900 /* pokemon.csv */; };
		69D5E20B1ED4F1660049C900 /* Pokemon.swift in Sources */ = {isa = PBXBuildFile; fileRef = 69D5E20A1ED4F1660049C900 /* Pokemon.swift */; };
		69D5E20E1ED4F6D40049C900 /* PokeCell.swift in Sources */ = {isa = PBXBuildFile; fileRef = 69D5E20D1ED4F6D40049C900 /* PokeCell.swift */; };
/* End PBXBuildFile section */

/* Begin PBXFileReference section */
		690DE2B51ED4DDB2000D8EAF /* PokeDex.app */ = {isa = PBXFileReference; explicitFileType = wrapper.application; includeInIndex = 0; path = PokeDex.app; sourceTree = BUILT_PRODUCTS_DIR; };
		690DE2B81ED4DDB2000D8EAF /* AppDelegate.swift */ = {isa = PBXFileReference; lastKnownFileType = sourcecode.swift; path = AppDelegate.swift; sourceTree = "<group>"; };
		690DE2BA1ED4DDB2000D8EAF /* ViewController.swift */ = {isa = PBXFileReference; lastKnownFileType = sourcecode.swift; path = ViewController.swift; sourceTree = "<group>"; };
		690DE2BD1ED4DDB2000D8EAF /* Base */ = {isa = PBXFileReference; lastKnownFileType = file.storyboard; name = Base; path = Base.lproj/Main.storyboard; sourceTree = "<group>"; };
		690DE2BF1ED4DDB2000D8EAF /* Assets.xcassets */ = {isa = PBXFileReference; lastKnownFileType = folder.assetcatalog; path = Assets.xcassets; sourceTree = "<group>"; };
		690DE2C21ED4DDB2000D8EAF /* Base */ = {isa = PBXFileReference; lastKnownFileType = file.storyboard; name = Base; path = Base.lproj/LaunchScreen.storyboard; sourceTree = "<group>"; };
		690DE2C41ED4DDB2000D8EAF /* Info.plist */ = {isa = PBXFileReference; lastKnownFileType = text.plist.xml; path = Info.plist; sourceTree = "<group>"; };
		693A6D031ED62A9900FB5CE1 /* CSV.swift */ = {isa = PBXFileReference; fileEncoding = 4; lastKnownFileType = sourcecode.swift; path = CSV.swift; sourceTree = "<group>"; };
		69D5E2071ED4F0830049C900 /* pokemon.csv */ = {isa = PBXFileReference; fileEncoding = 4; lastKnownFileType = text; path = pokemon.csv; sourceTree = "<group>"; };
		69D5E20A1ED4F1660049C900 /* Pokemon.swift */ = {isa = PBXFileReference; fileEncoding = 4; lastKnownFileType = sourcecode.swift; path = Pokemon.swift; sourceTree = "<group>"; };
		69D5E20D1ED4F6D40049C900 /* PokeCell.swift */ = {isa = PBXFileReference; fileEncoding = 4; lastKnownFileType = sourcecode.swift; path = PokeCell.swift; sourceTree = "<group>"; };
/* End PBXFileReference section */

/* Begin PBXFrameworksBuildPhase section */
		690DE2B21ED4DDB2000D8EAF /* Frameworks */ = {
			isa = PBXFrameworksBuildPhase;
			buildActionMask = 2147483647;
			files = (
			);
			runOnlyForDeploymentPostprocessing = 0;
		};
/* End PBXFrameworksBuildPhase section */

/* Begin PBXGroup section */
		690DE2AC1ED4DDB2000D8EAF = {
			isa = PBXGroup;
			children = (
				690DE2B71ED4DDB2000D8EAF /* PokeDex */,
				690DE2B61ED4DDB2000D8EAF /* Products */,
			);
			sourceTree = "<group>";
		};
		690DE2B61ED4DDB2000D8EAF /* Products */ = {
			isa = PBXGroup;
			children = (
				690DE2B51ED4DDB2000D8EAF /* PokeDex.app */,
			);
			name = Products;
			sourceTree = "<group>";
		};
		690DE2B71ED4DDB2000D8EAF /* PokeDex */ = {
			isa = PBXGroup;
			children = (
				693A6D031ED62A9900FB5CE1 /* CSV.swift */,
				69D5E20C1ED4F6AB0049C900 /* View */,
				69D5E2091ED4F1520049C900 /* Model */,
				690DE2B81ED4DDB2000D8EAF /* AppDelegate.swift */,
				690DE2BA1ED4DDB2000D8EAF /* ViewController.swift */,
				690DE2BC1ED4DDB2000D8EAF /* Main.storyboard */,
				69D5E2071ED4F0830049C900 /* pokemon.csv */,
				690DE2BF1ED4DDB2000D8EAF /* Assets.xcassets */,
				690DE2C11ED4DDB2000D8EAF /* LaunchScreen.storyboard */,
				690DE2C41ED4DDB2000D8EAF /* Info.plist */,
			);
			path = PokeDex;
			sourceTree = "<group>";
		};
		69D5E2091ED4F1520049C900 /* Model */ = {
			isa = PBXGroup;
			children = (
				69D5E20A1ED4F1660049C900 /* Pokemon.swift */,
			);
			name = Model;
			sourceTree = "<group>";
		};
		69D5E20C1ED4F6AB0049C900 /* View */ = {
			isa = PBXGroup;
			children = (
				69D5E20D1ED4F6D40049C900 /* PokeCell.swift */,
			);
			name = View;
			sourceTree = "<group>";
		};
/* End PBXGroup section */

/* Begin PBXNativeTarget section */
		690DE2B41ED4DDB2000D8EAF /* PokeDex */ = {
			isa = PBXNativeTarget;
			buildConfigurationList = 690DE2C71ED4DDB2000D8EAF /* Build configuration list for PBXNativeTarget "PokeDex" */;
			buildPhases = (
				690DE2B11ED4DDB2000D8EAF /* Sources */,
				690DE2B21ED4DDB2000D8EAF /* Frameworks */,
				690DE2B31ED4DDB2000D8EAF /* Resources */,
			);
			buildRules = (
			);
			dependencies = (
			);
			name = PokeDex;
			productName = PokeDex;
			productReference = 690DE2B51ED4DDB2000D8EAF /* PokeDex.app */;
			productType = "com.apple.product-type.application";
		};
/* End PBXNativeTarget section */

/* Begin PBXProject section */
		690DE2AD1ED4DDB2000D8EAF /* Project object */ = {
			isa = PBXProject;
			attributes = {
				LastSwiftUpdateCheck = 0830;
				LastUpgradeCheck = 0830;
				ORGANIZATIONNAME = Jay;
				TargetAttributes = {
					690DE2B41ED4DDB2000D8EAF = {
						CreatedOnToolsVersion = 8.3.2;
						DevelopmentTeam = Y74AUF85T9;
						LastSwiftMigration = 0830;
						ProvisioningStyle = Automatic;
					};
				};
			};
			buildConfigurationList = 690DE2B01ED4DDB2000D8EAF /* Build configuration list for PBXProject "PokeDex" */;
			compatibilityVersion = "Xcode 3.2";
			developmentRegion = English;
			hasScannedForEncodings = 0;
			knownRegions = (
				en,
				Base,
			);
			mainGroup = 690DE2AC1ED4DDB2000D8EAF;
			productRefGroup = 690DE2B61ED4DDB2000D8EAF /* Products */;
			projectDirPath = "";
			projectRoot = "";
			targets = (
				690DE2B41ED4DDB2000D8EAF /* PokeDex */,
			);
		};
/* End PBXProject section */

/* Begin PBXResourcesBuildPhase section */
		690DE2B31ED4DDB2000D8EAF /* Resources */ = {
			isa = PBXResourcesBuildPhase;
			buildActionMask = 2147483647;
			files = (
				690DE2C31ED4DDB2000D8EAF /* LaunchScreen.storyboard in Resources */,
				690DE2C01ED4DDB2000D8EAF /* Assets.xcassets in Resources */,
				69D5E2081ED4F0830049C900 /* pokemon.csv in Resources */,
				690DE2BE1ED4DDB2000D8EAF /* Main.storyboard in Resources */,
			);
			runOnlyForDeploymentPostprocessing = 0;
		};
/* End PBXResourcesBuildPhase section */

/* Begin PBXSourcesBuildPhase section */
		690DE2B11ED4DDB2000D8EAF /* Sources */ = {
			isa = PBXSourcesBuildPhase;
			buildActionMask = 2147483647;
			files = (
				69D5E20E1ED4F6D40049C900 /* PokeCell.swift in Sources */,
				690DE2BB1ED4DDB2000D8EAF /* ViewController.swift in Sources */,
				693A6D041ED62A9900FB5CE1 /* CSV.swift in Sources */,
				690DE2B91ED4DDB2000D8EAF /* AppDelegate.swift in Sources */,
				69D5E20B1ED4F1660049C900 /* Pokemon.swift in Sources */,
			);
			runOnlyForDeploymentPostprocessing = 0;
		};
/* End PBXSourcesBuildPhase section */

/* Begin PBXVariantGroup section */
		690DE2BC1ED4DDB2000D8EAF /* Main.storyboard */ = {
			isa = PBXVariantGroup;
			children = (
				690DE2BD1ED4DDB2000D8EAF /* Base */,
			);
			name = Main.storyboard;
			sourceTree = "<group>";
		};
		690DE2C11ED4DDB2000D8EAF /* LaunchScreen.storyboard */ = {
			isa = PBXVariantGroup;
			children = (
				690DE2C21ED4DDB2000D8EAF /* Base */,
			);
			name = LaunchScreen.storyboard;
			sourceTree = "<group>";
		};
/* End PBXVariantGroup section */

/* Begin XCBuildConfiguration section */
		690DE2C51ED4DDB2000D8EAF /* Debug */ = {
			isa = XCBuildConfiguration;
			buildSettings = {
				ALWAYS_SEARCH_USER_PATHS = NO;
				CLANG_ANALYZER_NONNULL = YES;
				CLANG_ANALYZER_NUMBER_OBJECT_CONVERSION = YES_AGGRESSIVE;
				CLANG_CXX_LANGUAGE_STANDARD = "gnu++0x";
				CLANG_CXX_LIBRARY = "libc++";
				CLANG_ENABLE_MODULES = YES;
				CLANG_ENABLE_OBJC_ARC = YES;
				CLANG_WARN_BOOL_CONVERSION = YES;
				CLANG_WARN_CONSTANT_CONVERSION = YES;
				CLANG_WARN_DIRECT_OBJC_ISA_USAGE = YES_ERROR;
				CLANG_WARN_DOCUMENTATION_COMMENTS = YES;
				CLANG_WARN_EMPTY_BODY = YES;
				CLANG_WARN_ENUM_CONVERSION = YES;
				CLANG_WARN_INFINITE_RECURSION = YES;
				CLANG_WARN_INT_CONVERSION = YES;
				CLANG_WARN_OBJC_ROOT_CLASS = YES_ERROR;
				CLANG_WARN_SUSPICIOUS_MOVE = YES;
				CLANG_WARN_UNREACHABLE_CODE = YES;
				CLANG_WARN__DUPLICATE_METHOD_MATCH = YES;
				"CODE_SIGN_IDENTITY[sdk=iphoneos*]" = "iPhone Developer";
				COPY_PHASE_STRIP = NO;
				DEBUG_INFORMATION_FORMAT = dwarf;
				ENABLE_STRICT_OBJC_MSGSEND = YES;
				ENABLE_TESTABILITY = YES;
				GCC_C_LANGUAGE_STANDARD = gnu99;
				GCC_DYNAMIC_NO_PIC = NO;
				GCC_NO_COMMON_BLOCKS = YES;
				GCC_OPTIMIZATION_LEVEL = 0;
				GCC_PREPROCESSOR_DEFINITIONS = (
					"DEBUG=1",
					"$(inherited)",
				);
				GCC_WARN_64_TO_32_BIT_CONVERSION = YES;
				GCC_WARN_ABOUT_RETURN_TYPE = YES_ERROR;
				GCC_WARN_UNDECLARED_SELECTOR = YES;
				GCC_WARN_UNINITIALIZED_AUTOS = YES_AGGRESSIVE;
				GCC_WARN_UNUSED_FUNCTION = YES;
				GCC_WARN_UNUSED_VARIABLE = YES;
				IPHONEOS_DEPLOYMENT_TARGET = 10.3;
				MTL_ENABLE_DEBUG_INFO = YES;
				ONLY_ACTIVE_ARCH = YES;
				SDKROOT = iphoneos;
				SWIFT_ACTIVE_COMPILATION_CONDITIONS = DEBUG;
				SWIFT_OPTIMIZATION_LEVEL = "-Onone";
				TARGETED_DEVICE_FAMILY = "1,2";
			};
			name = Debug;
		};
		690DE2C61ED4DDB2000D8EAF /* Release */ = {
			isa = XCBuildConfiguration;
			buildSettings = {
				ALWAYS_SEARCH_USER_PATHS = NO;
				CLANG_ANALYZER_NONNULL = YES;
				CLANG_ANALYZER_NUMBER_OBJECT_CONVERSION = YES_AGGRESSIVE;
				CLANG_CXX_LANGUAGE_STANDARD = "gnu++0x";
				CLANG_CXX_LIBRARY = "libc++";
				CLANG_ENABLE_MODULES = YES;
				CLANG_ENABLE_OBJC_ARC = YES;
				CLANG_WARN_BOOL_CONVERSION = YES;
				CLANG_WARN_CONSTANT_CONVERSION = YES;
				CLANG_WARN_DIRECT_OBJC_ISA_USAGE = YES_ERROR;
				CLANG_WARN_DOCUMENTATION_COMMENTS = YES;
				CLANG_WARN_EMPTY_BODY = YES;
				CLANG_WARN_ENUM_CONVERSION = YES;
				CLANG_WARN_INFINITE_RECURSION = YES;
				CLANG_WARN_INT_CONVERSION = YES;
				CLANG_WARN_OBJC_ROOT_CLASS = YES_ERROR;
				CLANG_WARN_SUSPICIOUS_MOVE = YES;
				CLANG_WARN_UNREACHABLE_CODE = YES;
				CLANG_WARN__DUPLICATE_METHOD_MATCH = YES;
				"CODE_SIGN_IDENTITY[sdk=iphoneos*]" = "iPhone Developer";
				COPY_PHASE_STRIP = NO;
				DEBUG_INFORMATION_FORMAT = "dwarf-with-dsym";
				ENABLE_NS_ASSERTIONS = NO;
				ENABLE_STRICT_OBJC_MSGSEND = YES;
				GCC_C_LANGUAGE_STANDARD = gnu99;
				GCC_NO_COMMON_BLOCKS = YES;
				GCC_WARN_64_TO_32_BIT_CONVERSION = YES;
				GCC_WARN_ABOUT_RETURN_TYPE = YES_ERROR;
				GCC_WARN_UNDECLARED_SELECTOR = YES;
				GCC_WARN_UNINITIALIZED_AUTOS = YES_AGGRESSIVE;
				GCC_WARN_UNUSED_FUNCTION = YES;
				GCC_WARN_UNUSED_VARIABLE = YES;
				IPHONEOS_DEPLOYMENT_TARGET = 10.3;
				MTL_ENABLE_DEBUG_INFO = NO;
				SDKROOT = iphoneos;
				SWIFT_OPTIMIZATION_LEVEL = "-Owholemodule";
				TARGETED_DEVICE_FAMILY = "1,2";
				VALIDATE_PRODUCT = YES;
			};
			name = Release;
		};
		690DE2C81ED4DDB2000D8EAF /* Debug */ = {
			isa = XCBuildConfiguration;
			buildSettings = {
				ASSETCATALOG_COMPILER_APPICON_NAME = AppIcon;
				DEVELOPMENT_TEAM = Y74AUF85T9;
				INFOPLIST_FILE = PokeDex/Info.plist;
				LD_RUNPATH_SEARCH_PATHS = "$(inherited) @executable_path/Frameworks";
				PRODUCT_BUNDLE_IDENTIFIER = com.jaypatel.PokeDex;
				PRODUCT_NAME = "$(TARGET_NAME)";
				SWIFT_VERSION = 3.0;
			};
			name = Debug;
		};
		690DE2C91ED4DDB2000D8EAF /* Release */ = {
			isa = XCBuildConfiguration;
			buildSettings = {
				ASSETCATALOG_COMPILER_APPICON_NAME = AppIcon;
				DEVELOPMENT_TEAM = Y74AUF85T9;
				INFOPLIST_FILE = PokeDex/Info.plist;
				LD_RUNPATH_SEARCH_PATHS = "$(inherited) @executable_path/Frameworks";
				PRODUCT_BUNDLE_IDENTIFIER = com.jaypatel.PokeDex;
				PRODUCT_NAME = "$(TARGET_NAME)";
				SWIFT_VERSION = 3.0;
			};
			name = Release;
		};
/* End XCBuildConfiguration section */

/* Begin XCConfigurationList section */
		690DE2B01ED4DDB2000D8EAF /* Build configuration list for PBXProject "PokeDex" */ = {
			isa = XCConfigurationList;
			buildConfigurations = (
				690DE2C51ED4DDB2000D8EAF /* Debug */,
				690DE2C61ED4DDB2000D8EAF /* Release */,
			);
			defaultConfigurationIsVisible = 0;
			defaultConfigurationName = Release;
		};
		690DE2C71ED4DDB2000D8EAF /* Build configuration list for PBXNativeTarget "PokeDex" */ = {
			isa = XCConfigurationList;
			buildConfigurations = (
				690DE2C81ED4DDB2000D8EAF /* Debug */,
				690DE2C91ED4DDB2000D8EAF /* Release */,
			);
			defaultConfigurationIsVisible = 0;
			defaultConfigurationName = Release;
		};
/* End XCConfigurationList section */
	};
	rootObject = 690DE2AD1ED4DDB2000D8EAF /* Project object */;
}
